
Microsoft Visual Studio Solution File, Format Version 12.00
# Visual Studio Version 17
VisualStudioVersion = 17.0.32112.339
MinimumVisualStudioVersion = 10.0.40219.1
Project("{9A19103F-16F7-4668-BE54-9A1E7A4F7556}") = "ProduceMessages", "ProduceMessages.csproj", "{97FB87B9-25C4-41ED-B218-D30E29884B67}"
EndProject
Project("{FAE04EC0-301F-11D3-BF4B-00C04F79EFBC}") = "UnitTest", "..\UnitTest\UnitTest.csproj", "{4FA5F05A-BDE4-4353-B255-3DA2777E5EEB}"
EndProject
Global
	GlobalSection(SolutionConfigurationPlatforms) = preSolution
		Debug|Any CPU = Debug|Any CPU
		Release|Any CPU = Release|Any CPU
	EndGlobalSection
	GlobalSection(ProjectConfigurationPlatforms) = postSolution
		{97FB87B9-25C4-41ED-B218-D30E29884B67}.Debug|Any CPU.ActiveCfg = Debug|Any CPU
		{97FB87B9-25C4-41ED-B218-D30E29884B67}.Debug|Any CPU.Build.0 = Debug|Any CPU
		{97FB87B9-25C4-41ED-B218-D30E29884B67}.Release|Any CPU.ActiveCfg = Release|Any CPU
		{97FB87B9-25C4-41ED-B218-D30E29884B67}.Release|Any CPU.Build.0 = Release|Any CPU
		{4FA5F05A-BDE4-4353-B255-3DA2777E5EEB}.Debug|Any CPU.ActiveCfg = Debug|Any CPU
		{4FA5F05A-BDE4-4353-B255-3DA2777E5EEB}.Debug|Any CPU.Build.0 = Debug|Any CPU
		{4FA5F05A-BDE4-4353-B255-3DA2777E5EEB}.Release|Any CPU.ActiveCfg = Release|Any CPU
		{4FA5F05A-BDE4-4353-B255-3DA2777E5EEB}.Release|Any CPU.Build.0 = Release|Any CPU
	EndGlobalSection
	GlobalSection(SolutionProperties) = preSolution
		HideSolutionNode = FALSE
	EndGlobalSection
	GlobalSection(ExtensibilityGlobals) = postSolution
		SolutionGuid = {EACA9C5D-FF21-47E2-B6E0-47EBC35A606A}
	EndGlobalSection
EndGlobal
