
Microsoft Visual Studio Solution File, Format Version 12.00
# Visual Studio Version 17
VisualStudioVersion = 17.4.33110.190
MinimumVisualStudioVersion = 10.0.40219.1
Project("{9A19103F-16F7-4668-BE54-9A1E7A4F7556}") = "ConsumeMessages", "ConsumeMessages\ConsumeMessages.csproj", "{50610F16-79BA-4CF5-87F0-2C6A56C39476}"
EndProject
Project("{FAE04EC0-301F-11D3-BF4B-00C04F79EFBC}") = "UnitTest", "UnitTest\UnitTest.csproj", "{8700BBD8-C978-4E34-AC06-4522F43D590D}"
EndProject
Global
	GlobalSection(SolutionConfigurationPlatforms) = preSolution
		Debug|Any CPU = Debug|Any CPU
		Release|Any CPU = Release|Any CPU
	EndGlobalSection
	GlobalSection(ProjectConfigurationPlatforms) = postSolution
		{50610F16-79BA-4CF5-87F0-2C6A56C39476}.Debug|Any CPU.ActiveCfg = Debug|Any CPU
		{50610F16-79BA-4CF5-87F0-2C6A56C39476}.Debug|Any CPU.Build.0 = Debug|Any CPU
		{50610F16-79BA-4CF5-87F0-2C6A56C39476}.Release|Any CPU.ActiveCfg = Release|Any CPU
		{50610F16-79BA-4CF5-87F0-2C6A56C39476}.Release|Any CPU.Build.0 = Release|Any CPU
		{8700BBD8-C978-4E34-AC06-4522F43D590D}.Debug|Any CPU.ActiveCfg = Debug|Any CPU
		{8700BBD8-C978-4E34-AC06-4522F43D590D}.Debug|Any CPU.Build.0 = Debug|Any CPU
		{8700BBD8-C978-4E34-AC06-4522F43D590D}.Release|Any CPU.ActiveCfg = Release|Any CPU
		{8700BBD8-C978-4E34-AC06-4522F43D590D}.Release|Any CPU.Build.0 = Release|Any CPU
	EndGlobalSection
	GlobalSection(SolutionProperties) = preSolution
		HideSolutionNode = FALSE
	EndGlobalSection
	GlobalSection(ExtensibilityGlobals) = postSolution
		SolutionGuid = {E8776041-45FB-4577-B0FA-82D51EEEFC74}
	EndGlobalSection
EndGlobal
